version = 1
revision = 3
requires-python = "==3.9.*"

[[package]]
name = "altgraph"
version = "0.17.5"
source = { registry = "https://pypi.org/simple" }
sdist = { url = "https://files.pythonhosted.org/packages/7e/f8/97fdf103f38fed6792a1601dbc16cc8aac56e7459a9fff08c812d8ae177a/altgraph-0.17.5.tar.gz", hash = "sha256:c87b395dd12fabde9c99573a9749d67da8d29ef9de0125c7f536699b4a9bc9e7", size = 48428, upload-time = "2025-11-21T20:35:50.583Z" }
wheels = [
    { url = "https://files.pythonhosted.org/packages/a9/ba/000a1996d4308bc65120167c21241a3b205464a2e0b58deda26ae8ac21d1/altgraph-0.17.5-py2.py3-none-any.whl", hash = "sha256:f3a22400bce1b0c701683820ac4f3b159cd301acab067c51c653e06961600597", size = 21228, upload-time = "2025-11-21T20:35:49.444Z" },
]

[[package]]
name = "macholib"
version = "1.16.4"
source = { registry = "https://pypi.org/simple" }
dependencies = [
    { name = "altgraph" },
]
sdist = { url = "https://files.pythonhosted.org/packages/10/2f/97589876ea967487978071c9042518d28b958d87b17dceb7cdc1d881f963/macholib-1.16.4.tar.gz", hash = "sha256:f408c93ab2e995cd2c46e34fe328b130404be143469e41bc366c807448979362", size = 59427, upload-time = "2025-11-22T08:28:38.373Z" }
wheels = [
    { url = "https://files.pythonhosted.org/packages/c7/d1/a9f36f8ecdf0fb7c9b1e78c8d7af12b8c8754e74851ac7b94a8305540fc7/macholib-1.16.4-py2.py3-none-any.whl", hash = "sha256:da1a3fa8266e30f0ce7e97c6a54eefaae8edd1e5f86f3eb8b95457cae90265ea", size = 38117, upload-time = "2025-11-22T08:28:36.939Z" },
]

[[package]]
name = "modulegraph"
version = "0.19.7"
source = { registry = "https://pypi.org/simple" }
dependencies = [
    { name = "altgraph" },
    { name = "setuptools" },
]
sdist = { url = "https://files.pythonhosted.org/packages/20/fa/c471f46fa1696309b806d6c663d599525925a5c13cf1371a02587a265109/modulegraph-0.19.7.tar.gz", hash = "sha256:9ad8a81148ba1d90ade66617a153786f7d7cf6a88de83ee28e251183122c2a57", size = 88618, upload-time = "2025-11-22T08:22:43.858Z" }
wheels = [
    { url = "https://files.pythonhosted.org/packages/f1/c1/3eff0be83439f0408866eaacd4106c9d19b762cba66bcf0d0a523a6f6620/modulegraph-0.19.7-py2.py3-none-any.whl", hash = "sha256:139f89042c9912777ba4bbf1d5496591c6ad780110ea3082c11e8737cf82cacc", size = 35151, upload-time = "2025-11-22T08:22:42.239Z" },
]

[[package]]
name = "packaging"
version = "26.2"
source = { registry = "https://pypi.org/simple" }
sdist = { url = "https://files.pythonhosted.org/packages/d7/f1/e7a6dd94a8d4a5626c03e4e99c87f241ba9e350cd9e6d75123f992427270/packaging-26.2.tar.gz", hash = "sha256:ff452ff5a3e828ce110190feff1178bb1f2ea2281fa2075aadb987c2fb221661", size = 228134, upload-time = "2026-04-24T20:15:23.917Z" }
wheels = [
    { url = "https://files.pythonhosted.org/packages/df/b2/87e62e8c3e2f4b32e5fe99e0b86d576da1312593b39f47d8ceef365e95ed/packaging-26.2-py3-none-any.whl", hash = "sha256:5fc45236b9446107ff2415ce77c807cee2862cb6fac22b8a73826d0693b0980e", size = 100195, upload-time = "2026-04-24T20:15:22.081Z" },
]

[[package]]
name = "pastel"
version = "0.2.1"
source = { registry = "https://pypi.org/simple" }
sdist = { url = "https://files.pythonhosted.org/packages/76/f1/4594f5e0fcddb6953e5b8fe00da8c317b8b41b547e2b3ae2da7512943c62/pastel-0.2.1.tar.gz", hash = "sha256:e6581ac04e973cac858828c6202c1e1e81fee1dc7de7683f3e1ffe0bfd8a573d", size = 7555, upload-time = "2020-09-16T19:21:12.43Z" }
wheels = [
    { url = "https://files.pythonhosted.org/packages/aa/18/a8444036c6dd65ba3624c63b734d3ba95ba63ace513078e1580590075d21/pastel-0.2.1-py2.py3-none-any.whl", hash = "sha256:4349225fcdf6c2bb34d483e523475de5bb04a5c10ef711263452cb37d7dd4364", size = 5955, upload-time = "2020-09-16T19:21:11.409Z" },
]

[[package]]
name = "poethepoet"
version = "0.37.0"
source = { registry = "https://pypi.org/simple" }
dependencies = [
    { name = "pastel" },
    { name = "pyyaml" },
    { name = "tomli" },
]
sdist = { url = "https://files.pythonhosted.org/packages/a5/f2/273fe54a78dc5c6c8dd63db71f5a6ceb95e4648516b5aeaeff4bde804e44/poethepoet-0.37.0.tar.gz", hash = "sha256:73edf458707c674a079baa46802e21455bda3a7f82a408e58c31b9f4fe8e933d", size = 68570, upload-time = "2025-08-11T18:00:29.103Z" }
wheels = [
    { url = "https://files.pythonhosted.org/packages/92/1b/5337af1a6a478d25a3e3c56b9b4b42b0a160314e02f4a0498d5322c8dac4/poethepoet-0.37.0-py3-none-any.whl", hash = "sha256:861790276315abcc8df1b4bd60e28c3d48a06db273edd3092f3c94e1a46e5e22", size = 90062, upload-time = "2025-08-11T18:00:27.595Z" },
]

[[package]]
name = "py2app"
version = "0.28.9"
source = { registry = "https://pypi.org/simple" }
dependencies = [
    { name = "altgraph" },
    { name = "macholib" },
    { name = "modulegraph" },
    { name = "packaging" },
]
sdist = { url = "https://files.pythonhosted.org/packages/23/14/657162299713f5d33e4f90158f99da838013388ccb8f2529151735e3ee64/py2app-0.28.9.tar.gz", hash = "sha256:bcbddd3017c51203858428f4cd66a7d7ea1096c6d57f1257cc2fdb066927c7c5", size = 1236799, upload-time = "2025-11-29T11:54:11.951Z" }
wheels = [
    { url = "https://files.pythonhosted.org/packages/22/3a/294a507d73b8e3f261f75d778bd804d9ec183bb56c7052a9123ee86f1a65/py2app-0.28.9-py2.py3-none-any.whl", hash = "sha256:e698a8cc8ee8e899672ce93fee3727088c08b3c9a765cfc6519c24ca8e3e63f8", size = 837077, upload-time = "2025-11-29T11:54:09.72Z" },
]

[[package]]
name = "pygame"
version = "2.1.2"
source = { registry = "https://pypi.org/simple" }
sdist = { url = "https://files.pythonhosted.org/packages/9a/50/67767e5586a45e7e7b02e6f0e07853f8fcb81b54c66db6278f1a1344491f/pygame-2.1.2.tar.gz", hash = "sha256:d6d0eca28f886f0477cd0721ac688189155a587f2bb8eae740e52ca56c3ad23c", size = 10132016, upload-time = "2021-12-27T04:13:05.198Z" }
wheels = [
    { url = "https://files.pythonhosted.org/packages/ff/f0/46fb05ec41021a68c1bbadae61c7f9a02d04dcdeb6b33deb1b31dc275f4e/pygame-2.1.2-cp39-cp39-macosx_10_9_x86_64.whl", hash = "sha256:660c80c0b2e80f1f801715583b759fb4c7bc0c11eb3b534e89c9fc4bfbc38acd", size = 8885780, upload-time = "2021-12-27T04:11:18.93Z" },
    { url = "https://files.pythonhosted.org/packages/25/ca/a119794d139fde6fd5e728301844adfd8771535647268337fcb27e568b39/pygame-2.1.2-cp39-cp39-macosx_11_0_arm64.whl", hash = "sha256:dad6bf3fdd3752d7519422f3732be779b98fe7c87d32c3efe2fdffdcbeebb6ca", size = 8355398, upload-time = "2021-12-27T04:11:23.801Z" },
    { url = "https://files.pythonhosted.org/packages/3c/8d/57f72faaea56d0d6538c56728909029811671c7f71998eabc6181af8ef83/pygame-2.1.2-cp39-cp39-manylinux_2_12_i686.manylinux2010_i686.whl", hash = "sha256:119dee20c372c85dc47b717119534d15a60c64ceab8b0eb09278866d10486afe", size = 18637053, upload-time = "2021-12-27T04:11:31.667Z" },
    { url = "https://files.pythonhosted.org/packages/65/b0/96dd7c82b7db2869b6e2fc1aa69906016b95e09957a648b41fa7e1d0dcd3/pygame-2.1.2-cp39-cp39-manylinux_2_12_x86_64.manylinux2010_x86_64.whl", hash = "sha256:fc2e5db54491e8f27785fc5204c96f540d3557dcf5b0a9a857b6594d6b32561b", size = 21233451, upload-time = "2021-12-27T04:11:39.986Z" },
    { url = "https://files.pythonhosted.org/packages/db/26/97acecde2228aac7ec254bb4075a3bde97fc5d8742f28104bd1f97a503ef/pygame-2.1.2-cp39-cp39-manylinux_2_17_aarch64.manylinux2014_aarch64.whl", hash = "sha256:d2d3c50ee9847b743db6cd7b1bb17a94c2c2abc16679d70f5e745cabdf19e655", size = 20747976, upload-time = "2021-12-27T04:11:48.494Z" },
    { url = "https://files.pythonhosted.org/packages/44/6c/b7312af9df6461ec1715c690e780034ea82c19951f83d8530dfb95f10563/pygame-2.1.2-cp39-cp39-manylinux_2_17_i686.manylinux2014_i686.whl", hash = "sha256:6ecda8dd4583982bb65f9c682f244a5e94524dcf628379766227e9ed97201a49", size = 21067519, upload-time = "2021-12-27T04:11:56.492Z" },
    { url = "https://files.pythonhosted.org/packages/f8/50/b66e54176f785ce6a812f63f870995b345110698e22dda214d5087dc506e/pygame-2.1.2-cp39-cp39-manylinux_2_17_x86_64.manylinux2014_x86_64.whl", hash = "sha256:0e06ae8e1c830f1b9c36a2bc6bb11de840232e95b78e2c349c6ed803a303be19", size = 21850611, upload-time = "2021-12-27T04:12:05.509Z" },
    { url = "https://files.pythonhosted.org/packages/db/f2/27aa8193b7b99afc0247564c97e85d149308bff284e17a6345a5f0347c67/pygame-2.1.2-cp39-cp39-manylinux_2_5_i686.manylinux1_i686.whl", hash = "sha256:c5ea87da5fe4b6164c3854f3b0c9146811dbad0dd7fa74297683dfacc485ae1c", size = 15959841, upload-time = "2021-12-27T04:12:12.967Z" },
    { url = "https://files.pythonhosted.org/packages/77/2f/56e5b2dfea6ee1d0120885e9c3bf4df710c263f406217e7826f65a5d7c55/pygame-2.1.2-cp39-cp39-manylinux_2_5_x86_64.manylinux1_x86_64.whl", hash = "sha256:0427c103f741234336e5606d2fad86f5403c1a3d1dc55c309fbff3c984f0c9ae", size = 16868295, upload-time = "2021-12-27T04:12:19.699Z" },
    { url = "https://files.pythonhosted.org/packages/40/06/3d6db91834439422965351d358aed526d27fb772b8675cb44f8c9f7b8fc9/pygame-2.1.2-cp39-cp39-win32.whl", hash = "sha256:5e88b0d4338b94960686f59396f23f7f684fed4859fcc3b9f40286d72c1c61af", size = 8118481, upload-time = "2021-12-27T04:15:30.563Z" },
    { url = "https://files.pythonhosted.org/packages/e9/11/3f8bfcfd5a6e69660e8b3002377d2b556c78d8d7c62174cd5d584ad3f232/pygame-2.1.2-cp39-cp39-win_amd64.whl", hash = "sha256:5d0c14152d0ca8ef5fbcc5ed9981462bdf59a9ae85a291e62d8a8d0b7e5cbe43", size = 8446529, upload-time = "2021-12-27T04:25:26.342Z" },
]

[[package]]
name = "pyobjc-core"
version = "9.0"
source = { registry = "https://pypi.org/simple" }
sdist = { url = "https://files.pythonhosted.org/packages/39/ab/c30a65bd163d51c62cd223a5d75b46d32da6edf2dee6a7e69cfd65b42cf6/pyobjc-core-9.0.tar.gz", hash = "sha256:3e7010c648eb94b16dd37a55f7719ed3bef6559edf4cf8fd741f46869dc223b1", size = 859863, upload-time = "2022-11-05T19:17:53.972Z" }
wheels = [
    { url = "https://files.pythonhosted.org/packages/d2/3a/9a7f0e7d00bd95f243d415e4c5fe575bc41c27a07d3bad69ef2028c4634f/pyobjc_core-9.0-cp39-cp39-macosx_10_9_universal2.whl", hash = "sha256:4296f7b11912709e5aa3d60e1cce6e1731abb7cda47fce72619804c7892b22c3", size = 732330, upload-time = "2022-11-05T18:47:01.107Z" },
]

[[package]]
name = "pyobjc-framework-cocoa"
version = "9.0"
source = { registry = "https://pypi.org/simple" }
dependencies = [
    { name = "pyobjc-core" },
]
sdist = { url = "https://files.pythonhosted.org/packages/0a/fd/56c07379311e3c877b601ec3d192a9ca6c605edbb363394408d44e907769/pyobjc-framework-Cocoa-9.0.tar.gz", hash = "sha256:1a511c620e9b7ef22f2f4fa68572902cb614e66d3dbfa9e46a1a05f000f30084", size = 5232044, upload-time = "2022-11-05T19:31:46.182Z" }
wheels = [
    { url = "https://files.pythonhosted.org/packages/4c/2a/6c6c925f90f0c7b5fc601c9d5a275837c382ec4a7cd04a5cee9efccb1d3c/pyobjc_framework_Cocoa-9.0-cp39-cp39-macosx_10_9_universal2.whl", hash = "sha256:dc801d2a5d25bf834a78438446a9c9bd0baee6006a540fdd2f4efb5b8536ed41", size = 388309, upload-time = "2022-11-05T18:51:51.57Z" },
]

[[package]]
name = "pyyaml"
version = "6.0.3"
source = { registry = "https://pypi.org/simple" }
sdist = { url = "https://files.pythonhosted.org/packages/05/8e/961c0007c59b8dd7729d542c61a4d537767a59645b82a0b521206e1e25c2/pyyaml-6.0.3.tar.gz", hash = "sha256:d76623373421df22fb4cf8817020cbb7ef15c725b9d5e45f17e189bfc384190f", size = 130960, upload-time = "2025-09-25T21:33:16.546Z" }
wheels = [
    { url = "https://files.pythonhosted.org/packages/9f/62/67fc8e68a75f738c9200422bf65693fb79a4cd0dc5b23310e5202e978090/pyyaml-6.0.3-cp39-cp39-macosx_10_13_x86_64.whl", hash = "sha256:b865addae83924361678b652338317d1bd7e79b1f4596f96b96c77a5a34b34da", size = 184450, upload-time = "2025-09-25T21:33:00.618Z" },
    { url = "https://files.pythonhosted.org/packages/ae/92/861f152ce87c452b11b9d0977952259aa7df792d71c1053365cc7b09cc08/pyyaml-6.0.3-cp39-cp39-macosx_11_0_arm64.whl", hash = "sha256:c3355370a2c156cffb25e876646f149d5d68f5e0a3ce86a5084dd0b64a994917", size = 174319, upload-time = "2025-09-25T21:33:02.086Z" },
    { url = "https://files.pythonhosted.org/packages/d0/cd/f0cfc8c74f8a030017a2b9c771b7f47e5dd702c3e28e5b2071374bda2948/pyyaml-6.0.3-cp39-cp39-manylinux2014_aarch64.manylinux_2_17_aarch64.manylinux_2_28_aarch64.whl", hash = "sha256:3c5677e12444c15717b902a5798264fa7909e41153cdf9ef7ad571b704a63dd9", size = 737631, upload-time = "2025-09-25T21:33:03.25Z" },
    { url = "https://files.pythonhosted.org/packages/ef/b2/18f2bd28cd2055a79a46c9b0895c0b3d987ce40ee471cecf58a1a0199805/pyyaml-6.0.3-cp39-cp39-manylinux2014_s390x.manylinux_2_17_s390x.manylinux_2_28_s390x.whl", hash = "sha256:5ed875a24292240029e4483f9d4a4b8a1ae08843b9c54f43fcc11e404532a8a5", size = 836795, upload-time = "2025-09-25T21:33:05.014Z" },
    { url = "https://files.pythonhosted.org/packages/73/b9/793686b2d54b531203c160ef12bec60228a0109c79bae6c1277961026770/pyyaml-6.0.3-cp39-cp39-manylinux2014_x86_64.manylinux_2_17_x86_64.manylinux_2_28_x86_64.whl", hash = "sha256:0150219816b6a1fa26fb4699fb7daa9caf09eb1999f3b70fb6e786805e80375a", size = 750767, upload-time = "2025-09-25T21:33:06.398Z" },
    { url = "https://files.pythonhosted.org/packages/a9/86/a137b39a611def2ed78b0e66ce2fe13ee701a07c07aebe55c340ed2a050e/pyyaml-6.0.3-cp39-cp39-musllinux_1_2_aarch64.whl", hash = "sha256:fa160448684b4e94d80416c0fa4aac48967a969efe22931448d853ada8baf926", size = 727982, upload-time = "2025-09-25T21:33:08.708Z" },
    { url = "https://files.pythonhosted.org/packages/dd/62/71c27c94f457cf4418ef8ccc71735324c549f7e3ea9d34aba50874563561/pyyaml-6.0.3-cp39-cp39-musllinux_1_2_x86_64.whl", hash = "sha256:27c0abcb4a5dac13684a37f76e701e054692a9b2d3064b70f5e4eb54810553d7", size = 755677, upload-time = "2025-09-25T21:33:09.876Z" },
    { url = "https://files.pythonhosted.org/packages/29/3d/6f5e0d58bd924fb0d06c3a6bad00effbdae2de5adb5cda5648006ffbd8d3/pyyaml-6.0.3-cp39-cp39-win32.whl", hash = "sha256:1ebe39cb5fc479422b83de611d14e2c0d3bb2a18bbcb01f229ab3cfbd8fee7a0", size = 142592, upload-time = "2025-09-25T21:33:10.983Z" },
    { url = "https://files.pythonhosted.org/packages/f0/0c/25113e0b5e103d7f1490c0e947e303fe4a696c10b501dea7a9f49d4e876c/pyyaml-6.0.3-cp39-cp39-win_amd64.whl", hash = "sha256:2e71d11abed7344e42a8849600193d15b6def118602c4c176f748e4583246007", size = 158777, upload-time = "2025-09-25T21:33:15.55Z" },
]

[[package]]
name = "rumps"
version = "0.4.0"
source = { registry = "https://pypi.org/simple" }
dependencies = [
    { name = "pyobjc-framework-cocoa" },
]
sdist = { url = "https://files.pythonhosted.org/packages/b2/e2/2e6a47951290bd1a2831dcc50aec4b25d104c0cf00e8b7868cbd29cf3bfe/rumps-0.4.0.tar.gz", hash = "sha256:17fb33c21b54b1e25db0d71d1d793dc19dc3c0b7d8c79dc6d833d0cffc8b1596", size = 39257, upload-time = "2022-10-15T05:15:10.386Z" }

[[package]]
name = "setuptools"
version = "79.0.1"
source = { registry = "https://pypi.org/simple" }
sdist = { url = "https://files.pythonhosted.org/packages/bb/71/b6365e6325b3290e14957b2c3a804a529968c77a049b2ed40c095f749707/setuptools-79.0.1.tar.gz", hash = "sha256:128ce7b8f33c3079fd1b067ecbb4051a66e8526e7b65f6cec075dfc650ddfa88", size = 1367909, upload-time = "2025-04-23T22:20:59.241Z" }
wheels = [
    { url = "https://files.pythonhosted.org/packages/0d/6d/b4752b044bf94cb802d88a888dc7d288baaf77d7910b7dedda74b5ceea0c/setuptools-79.0.1-py3-none-any.whl", hash = "sha256:e147c0549f27767ba362f9da434eab9c5dc0045d5304feb602a0af001089fc51", size = 1256281, upload-time = "2025-04-23T22:20:56.768Z" },
]

[[package]]
name = "tomado"
version = "0.2.4a0"
source = { virtual = "." }
dependencies = [
    { name = "pygame" },
    { name = "pyobjc-core" },
    { name = "pyobjc-framework-cocoa" },
    { name = "rumps" },
]

[package.dev-dependencies]
dev = [
    { name = "poethepoet" },
    { name = "py2app" },
    { name = "setuptools" },
]

[package.metadata]
requires-dist = [
    { name = "pygame", specifier = "==2.1.2" },
    { name = "pyobjc-core", specifier = "==9.0" },
    { name = "pyobjc-framework-cocoa", specifier = "==9.0" },
    { name = "rumps", specifier = "==0.4.0" },
]

[package.metadata.requires-dev]
dev = [
    { name = "poethepoet" },
    { name = "py2app" },
    { name = "setuptools", specifier = "<80" },
]

[[package]]
name = "tomli"
version = "2.4.1"
source = { registry = "https://pypi.org/simple" }
sdist = { url = "https://files.pythonhosted.org/packages/22/de/48c59722572767841493b26183a0d1cc411d54fd759c5607c4590b6563a6/tomli-2.4.1.tar.gz", hash = "sha256:7c7e1a961a0b2f2472c1ac5b69affa0ae1132c39adcb67aba98568702b9cc23f", size = 17543, upload-time = "2026-03-25T20:22:03.828Z" }
wheels = [
    { url = "https://files.pythonhosted.org/packages/7b/61/cceae43728b7de99d9b847560c262873a1f6c98202171fd5ed62640b494b/tomli-2.4.1-py3-none-any.whl", hash = "sha256:0d85819802132122da43cb86656f8d1f8c6587d54ae7dcaf30e90533028b49fe", size = 14583, upload-time = "2026-03-25T20:22:03.012Z" },
]
